// !$*UTF8*$!
{
	archiveVersion = 1;
	classes = {
	};
	objectVersion = 46;
	objects = {

/* Begin PBXBuildFile section */
		05E9DC6D61D82DABBB004BB6 /* libPods-Icebreaker.a in Frameworks */ = {isa = PBXBuildFile; fileRef = 4E1AE44FEE25BC5F99A90406 /* libPods-Icebreaker.a */; };
		0774D1191B6806B600F3BCF5 /* main.m in Sources */ = {isa = PBXBuildFile; fileRef = 0774D1181B6806B600F3BCF5 /* main.m */; };
		0774D11C1B6806B600F3BCF5 /* AppDelegate.m in Sources */ = {isa = PBXBuildFile; fileRef = 0774D11B1B6806B600F3BCF5 /* AppDelegate.m */; };
		0774D1221B6806B600F3BCF5 /* Matches.storyboard in Resources */ = {isa = PBXBuildFile; fileRef = 0774D1201B6806B600F3BCF5 /* Matches.storyboard */; };
		0774D1241B6806B600F3BCF5 /* Images.xcassets in Resources */ = {isa = PBXBuildFile; fileRef = 0774D1231B6806B600F3BCF5 /* Images.xcassets */; };
		0774D1271B6806B600F3BCF5 /* LaunchScreen.xib in Resources */ = {isa = PBXBuildFile; fileRef = 0774D1251B6806B600F3BCF5 /* LaunchScreen.xib */; };
		0774D1331B6806B600F3BCF5 /* IcebreakerTests.m in Sources */ = {isa = PBXBuildFile; fileRef = 0774D1321B6806B600F3BCF5 /* IcebreakerTests.m */; };
		0774D1521B69478A00F3BCF5 /* TableView.m in Sources */ = {isa = PBXBuildFile; fileRef = 0774D1511B69478A00F3BCF5 /* TableView.m */; };
		077A05081B791E1600592986 /* Constants.m in Sources */ = {isa = PBXBuildFile; fileRef = 077A05071B791E1600592986 /* Constants.m */; };
		077A050A1B7920C600592986 /* Game.storyboard in Resources */ = {isa = PBXBuildFile; fileRef = 077A05091B7920C600592986 /* Game.storyboard */; };
		077A050D1B79268400592986 /* Game.m in Sources */ = {isa = PBXBuildFile; fileRef = 077A050C1B79268400592986 /* Game.m */; };
		077A05101B792A8100592986 /* Result.m in Sources */ = {isa = PBXBuildFile; fileRef = 077A050F1B792A8100592986 /* Result.m */; };
		3414BFFE1B69247A00C72689 /* User.m in Sources */ = {isa = PBXBuildFile; fileRef = 3414BFFD1B69247A00C72689 /* User.m */; };
		3414C0011B69270600C72689 /* FacebookAPICalls.m in Sources */ = {isa = PBXBuildFile; fileRef = 3414C0001B69270600C72689 /* FacebookAPICalls.m */; };
		3414C0041B692C5100C72689 /* Friend.m in Sources */ = {isa = PBXBuildFile; fileRef = 3414C0031B692C5100C72689 /* Friend.m */; };
		3414C0091B692D8700C72689 /* LikedObject.m in Sources */ = {isa = PBXBuildFile; fileRef = 3414C0081B692D8700C72689 /* LikedObject.m */; };
		34587A691B7261C4001E6BE3 /* ChoosePersonViewOurs.m in Sources */ = {isa = PBXBuildFile; fileRef = 34587A681B7261C4001E6BE3 /* ChoosePersonViewOurs.m */; };
		34587A6D1B72635D001E6BE3 /* ParseAPICalls.m in Sources */ = {isa = PBXBuildFile; fileRef = 34587A6C1B72635D001E6BE3 /* ParseAPICalls.m */; };
		BD0046511B71019000D68325 /* MatchesTableViewController.m in Sources */ = {isa = PBXBuildFile; fileRef = BD0046501B71019000D68325 /* MatchesTableViewController.m */; };
		BD0046571B73992D00D68325 /* MessagingViewController.m in Sources */ = {isa = PBXBuildFile; fileRef = BD0046561B73992D00D68325 /* MessagingViewController.m */; };
		BD8CF8D81B682452003CCC1F /* friendSwiperViewController.m in Sources */ = {isa = PBXBuildFile; fileRef = BD8CF8D71B682452003CCC1F /* friendSwiperViewController.m */; };
		BD8CF8DB1B694260003CCC1F /* userProfileViewController.m in Sources */ = {isa = PBXBuildFile; fileRef = BD8CF8DA1B694260003CCC1F /* userProfileViewController.m */; };
		BD8CF8DE1B69517B003CCC1F /* Main.storyboard in Resources */ = {isa = PBXBuildFile; fileRef = BD8CF8DC1B69517B003CCC1F /* Main.storyboard */; };
		BD8CF8E11B6958B4003CCC1F /* LoginViewController.m in Sources */ = {isa = PBXBuildFile; fileRef = BD8CF8E01B6958B4003CCC1F /* LoginViewController.m */; };
		BD8CF8E41B69650A003CCC1F /* LinkedStoryboardSegue.m in Sources */ = {isa = PBXBuildFile; fileRef = BD8CF8E31B69650A003CCC1F /* LinkedStoryboardSegue.m */; };
		BD8CF8E61B698825003CCC1F /* taylor_swift.jpg in Resources */ = {isa = PBXBuildFile; fileRef = BD8CF8E51B698825003CCC1F /* taylor_swift.jpg */; };
		BD8CF8E91B698ADF003CCC1F /* ChatViewController.m in Sources */ = {isa = PBXBuildFile; fileRef = BD8CF8E81B698ADF003CCC1F /* ChatViewController.m */; };
		BD8CF8EB1B698B98003CCC1F /* Chat.storyboard in Resources */ = {isa = PBXBuildFile; fileRef = BD8CF8EA1B698B98003CCC1F /* Chat.storyboard */; };
		BD8CF8EE1B6AC624003CCC1F /* DataStore.m in Sources */ = {isa = PBXBuildFile; fileRef = BD8CF8ED1B6AC624003CCC1F /* DataStore.m */; };
		E12BEA211B6928810083860B /* MatchesTableViewCell.m in Sources */ = {isa = PBXBuildFile; fileRef = E12BEA201B6928810083860B /* MatchesTableViewCell.m */; };
		E12BEA241B692E040083860B /* MatchedUserViewController.m in Sources */ = {isa = PBXBuildFile; fileRef = E12BEA231B692E040083860B /* MatchedUserViewController.m */; };
		E12BEA271B6940A60083860B /* iCarousel.m in Sources */ = {isa = PBXBuildFile; fileRef = E12BEA261B6940A60083860B /* iCarousel.m */; };
		E12BEA2B1B6941C60083860B /* QuartzCore.framework in Frameworks */ = {isa = PBXBuildFile; fileRef = E12BEA2A1B6941C60083860B /* QuartzCore.framework */; };
/* End PBXBuildFile section */

/* Begin PBXContainerItemProxy section */
		0774D12D1B6806B600F3BCF5 /* PBXContainerItemProxy */ = {
			isa = PBXContainerItemProxy;
			containerPortal = 0774D10B1B6806B600F3BCF5 /* Project object */;
			proxyType = 1;
			remoteGlobalIDString = 0774D1121B6806B600F3BCF5;
			remoteInfo = Icebreaker;
		};
/* End PBXContainerItemProxy section */

/* Begin PBXFileReference section */
		0774D1131B6806B600F3BCF5 /* Icebreaker.app */ = {isa = PBXFileReference; explicitFileType = wrapper.application; includeInIndex = 0; path = Icebreaker.app; sourceTree = BUILT_PRODUCTS_DIR; };
		0774D1171B6806B600F3BCF5 /* Info.plist */ = {isa = PBXFileReference; lastKnownFileType = text.plist.xml; path = Info.plist; sourceTree = "<group>"; };
		0774D1181B6806B600F3BCF5 /* main.m */ = {isa = PBXFileReference; lastKnownFileType = sourcecode.c.objc; path = main.m; sourceTree = "<group>"; };
		0774D11A1B6806B600F3BCF5 /* AppDelegate.h */ = {isa = PBXFileReference; lastKnownFileType = sourcecode.c.h; path = AppDelegate.h; sourceTree = "<group>"; };
		0774D11B1B6806B600F3BCF5 /* AppDelegate.m */ = {isa = PBXFileReference; lastKnownFileType = sourcecode.c.objc; path = AppDelegate.m; sourceTree = "<group>"; };
		0774D1211B6806B600F3BCF5 /* Base */ = {isa = PBXFileReference; lastKnownFileType = file.storyboard; name = Base; path = Base.lproj/Matches.storyboard; sourceTree = "<group>"; };
		0774D1231B6806B600F3BCF5 /* Images.xcassets */ = {isa = PBXFileReference; lastKnownFileType = folder.assetcatalog; path = Images.xcassets; sourceTree = "<group>"; };
		0774D1261B6806B600F3BCF5 /* Base */ = {isa = PBXFileReference; lastKnownFileType = file.xib; name = Base; path = Base.lproj/LaunchScreen.xib; sourceTree = "<group>"; };
		0774D12C1B6806B600F3BCF5 /* IcebreakerTests.xctest */ = {isa = PBXFileReference; explicitFileType = wrapper.cfbundle; includeInIndex = 0; path = IcebreakerTests.xctest; sourceTree = BUILT_PRODUCTS_DIR; };
		0774D1311B6806B600F3BCF5 /* Info.plist */ = {isa = PBXFileReference; lastKnownFileType = text.plist.xml; path = Info.plist; sourceTree = "<group>"; };
		0774D1321B6806B600F3BCF5 /* IcebreakerTests.m */ = {isa = PBXFileReference; lastKnownFileType = sourcecode.c.objc; path = IcebreakerTests.m; sourceTree = "<group>"; };
		0774D1501B69478A00F3BCF5 /* TableView.h */ = {isa = PBXFileReference; fileEncoding = 4; lastKnownFileType = sourcecode.c.h; path = TableView.h; sourceTree = "<group>"; };
		0774D1511B69478A00F3BCF5 /* TableView.m */ = {isa = PBXFileReference; fileEncoding = 4; lastKnownFileType = sourcecode.c.objc; path = TableView.m; sourceTree = "<group>"; };
		077A05071B791E1600592986 /* Constants.m */ = {isa = PBXFileReference; fileEncoding = 4; lastKnownFileType = sourcecode.c.objc; path = Constants.m; sourceTree = "<group>"; };
		077A05091B7920C600592986 /* Game.storyboard */ = {isa = PBXFileReference; fileEncoding = 4; lastKnownFileType = file.storyboard; path = Game.storyboard; sourceTree = "<group>"; };
		077A050B1B79268400592986 /* Game.h */ = {isa = PBXFileReference; fileEncoding = 4; lastKnownFileType = sourcecode.c.h; path = Game.h; sourceTree = "<group>"; };
		077A050C1B79268400592986 /* Game.m */ = {isa = PBXFileReference; fileEncoding = 4; lastKnownFileType = sourcecode.c.objc; path = Game.m; sourceTree = "<group>"; };
		077A050E1B792A8100592986 /* Result.h */ = {isa = PBXFileReference; fileEncoding = 4; lastKnownFileType = sourcecode.c.h; path = Result.h; sourceTree = "<group>"; };
		077A050F1B792A8100592986 /* Result.m */ = {isa = PBXFileReference; fileEncoding = 4; lastKnownFileType = sourcecode.c.objc; path = Result.m; sourceTree = "<group>"; };
		0B7A84EEE3036B26319BDB8F /* Pods-Icebreaker.release.xcconfig */ = {isa = PBXFileReference; includeInIndex = 1; lastKnownFileType = text.xcconfig; name = "Pods-Icebreaker.release.xcconfig"; path = "Pods/Target Support Files/Pods-Icebreaker/Pods-Icebreaker.release.xcconfig"; sourceTree = "<group>"; };
		3414BFFC1B69247A00C72689 /* User.h */ = {isa = PBXFileReference; fileEncoding = 4; lastKnownFileType = sourcecode.c.h; path = User.h; sourceTree = "<group>"; };
		3414BFFD1B69247A00C72689 /* User.m */ = {isa = PBXFileReference; fileEncoding = 4; lastKnownFileType = sourcecode.c.objc; path = User.m; sourceTree = "<group>"; };
		3414BFFF1B69270600C72689 /* FacebookAPICalls.h */ = {isa = PBXFileReference; fileEncoding = 4; lastKnownFileType = sourcecode.c.h; path = FacebookAPICalls.h; sourceTree = "<group>"; };
		3414C0001B69270600C72689 /* FacebookAPICalls.m */ = {isa = PBXFileReference; fileEncoding = 4; lastKnownFileType = sourcecode.c.objc; path = FacebookAPICalls.m; sourceTree = "<group>"; };
		3414C0021B692C5100C72689 /* Friend.h */ = {isa = PBXFileReference; fileEncoding = 4; lastKnownFileType = sourcecode.c.h; path = Friend.h; sourceTree = "<group>"; };
		3414C0031B692C5100C72689 /* Friend.m */ = {isa = PBXFileReference; fileEncoding = 4; lastKnownFileType = sourcecode.c.objc; path = Friend.m; sourceTree = "<group>"; };
		3414C0071B692D8700C72689 /* LikedObject.h */ = {isa = PBXFileReference; fileEncoding = 4; lastKnownFileType = sourcecode.c.h; path = LikedObject.h; sourceTree = "<group>"; };
		3414C0081B692D8700C72689 /* LikedObject.m */ = {isa = PBXFileReference; fileEncoding = 4; lastKnownFileType = sourcecode.c.objc; path = LikedObject.m; sourceTree = "<group>"; };
		34587A671B7261C4001E6BE3 /* ChoosePersonViewOurs.h */ = {isa = PBXFileReference; fileEncoding = 4; lastKnownFileType = sourcecode.c.h; path = ChoosePersonViewOurs.h; sourceTree = "<group>"; };
		34587A681B7261C4001E6BE3 /* ChoosePersonViewOurs.m */ = {isa = PBXFileReference; fileEncoding = 4; lastKnownFileType = sourcecode.c.objc; path = ChoosePersonViewOurs.m; sourceTree = "<group>"; };
		34587A6B1B72635D001E6BE3 /* ParseAPICalls.h */ = {isa = PBXFileReference; fileEncoding = 4; lastKnownFileType = sourcecode.c.h; path = ParseAPICalls.h; sourceTree = "<group>"; };
		34587A6C1B72635D001E6BE3 /* ParseAPICalls.m */ = {isa = PBXFileReference; fileEncoding = 4; lastKnownFileType = sourcecode.c.objc; path = ParseAPICalls.m; sourceTree = "<group>"; };
		34587A6F1B729244001E6BE3 /* libBolts.a */ = {isa = PBXFileReference; lastKnownFileType = archive.ar; name = libBolts.a; path = "Pods/../build/Debug-iphoneos/libBolts.a"; sourceTree = "<group>"; };
		34587A711B729270001E6BE3 /* libFBSDKCoreKit.a */ = {isa = PBXFileReference; lastKnownFileType = archive.ar; name = libFBSDKCoreKit.a; path = "Pods/../build/Debug-iphoneos/libFBSDKCoreKit.a"; sourceTree = "<group>"; };
		34587A721B729270001E6BE3 /* libFBSDKLoginKit.a */ = {isa = PBXFileReference; lastKnownFileType = archive.ar; name = libFBSDKLoginKit.a; path = "Pods/../build/Debug-iphoneos/libFBSDKLoginKit.a"; sourceTree = "<group>"; };
		34587A731B729270001E6BE3 /* libFBSDKShareKit.a */ = {isa = PBXFileReference; lastKnownFileType = archive.ar; name = libFBSDKShareKit.a; path = "Pods/../build/Debug-iphoneos/libFBSDKShareKit.a"; sourceTree = "<group>"; };
		34587A741B729270001E6BE3 /* libJSQMessagesViewController.a */ = {isa = PBXFileReference; lastKnownFileType = archive.ar; name = libJSQMessagesViewController.a; path = "Pods/../build/Debug-iphoneos/libJSQMessagesViewController.a"; sourceTree = "<group>"; };
		34587A751B729270001E6BE3 /* libJSQSystemSoundPlayer.a */ = {isa = PBXFileReference; lastKnownFileType = archive.ar; name = libJSQSystemSoundPlayer.a; path = "Pods/../build/Debug-iphoneos/libJSQSystemSoundPlayer.a"; sourceTree = "<group>"; };
		34587A761B729270001E6BE3 /* libMDCSwipeToChoose.a */ = {isa = PBXFileReference; lastKnownFileType = archive.ar; name = libMDCSwipeToChoose.a; path = "Pods/../build/Debug-iphoneos/libMDCSwipeToChoose.a"; sourceTree = "<group>"; };
		34587A771B729270001E6BE3 /* libParse.a */ = {isa = PBXFileReference; lastKnownFileType = archive.ar; name = libParse.a; path = "Pods/../build/Debug-iphoneos/libParse.a"; sourceTree = "<group>"; };
		34587A781B729270001E6BE3 /* libParseFacebookUtilsV4.a */ = {isa = PBXFileReference; lastKnownFileType = archive.ar; name = libParseFacebookUtilsV4.a; path = "Pods/../build/Debug-iphoneos/libParseFacebookUtilsV4.a"; sourceTree = "<group>"; };
		4E1AE44FEE25BC5F99A90406 /* libPods-Icebreaker.a */ = {isa = PBXFileReference; explicitFileType = archive.ar; includeInIndex = 0; path = "libPods-Icebreaker.a"; sourceTree = BUILT_PRODUCTS_DIR; };
		BD00464F1B71019000D68325 /* MatchesTableViewController.h */ = {isa = PBXFileReference; fileEncoding = 4; lastKnownFileType = sourcecode.c.h; path = MatchesTableViewController.h; sourceTree = "<group>"; };
		BD0046501B71019000D68325 /* MatchesTableViewController.m */ = {isa = PBXFileReference; fileEncoding = 4; lastKnownFileType = sourcecode.c.objc; path = MatchesTableViewController.m; sourceTree = "<group>"; };
		BD0046521B71022D00D68325 /* Constants.h */ = {isa = PBXFileReference; fileEncoding = 4; lastKnownFileType = sourcecode.c.h; path = Constants.h; sourceTree = "<group>"; };
		BD0046551B73992D00D68325 /* MessagingViewController.h */ = {isa = PBXFileReference; fileEncoding = 4; lastKnownFileType = sourcecode.c.h; path = MessagingViewController.h; sourceTree = "<group>"; };
		BD0046561B73992D00D68325 /* MessagingViewController.m */ = {isa = PBXFileReference; fileEncoding = 4; lastKnownFileType = sourcecode.c.objc; path = MessagingViewController.m; sourceTree = "<group>"; };
		BD8CF8D61B682452003CCC1F /* friendSwiperViewController.h */ = {isa = PBXFileReference; fileEncoding = 4; lastKnownFileType = sourcecode.c.h; path = friendSwiperViewController.h; sourceTree = "<group>"; };
		BD8CF8D71B682452003CCC1F /* friendSwiperViewController.m */ = {isa = PBXFileReference; fileEncoding = 4; lastKnownFileType = sourcecode.c.objc; path = friendSwiperViewController.m; sourceTree = "<group>"; };
		BD8CF8D91B694260003CCC1F /* userProfileViewController.h */ = {isa = PBXFileReference; fileEncoding = 4; lastKnownFileType = sourcecode.c.h; path = userProfileViewController.h; sourceTree = "<group>"; };
		BD8CF8DA1B694260003CCC1F /* userProfileViewController.m */ = {isa = PBXFileReference; fileEncoding = 4; lastKnownFileType = sourcecode.c.objc; path = userProfileViewController.m; sourceTree = "<group>"; };
		BD8CF8DD1B69517B003CCC1F /* Base */ = {isa = PBXFileReference; lastKnownFileType = file.storyboard; name = Base; path = Base.lproj/Main.storyboard; sourceTree = "<group>"; };
		BD8CF8DF1B6958B4003CCC1F /* LoginViewController.h */ = {isa = PBXFileReference; fileEncoding = 4; lastKnownFileType = sourcecode.c.h; path = LoginViewController.h; sourceTree = "<group>"; };
		BD8CF8E01B6958B4003CCC1F /* LoginViewController.m */ = {isa = PBXFileReference; fileEncoding = 4; lastKnownFileType = sourcecode.c.objc; path = LoginViewController.m; sourceTree = "<group>"; };
		BD8CF8E21B69650A003CCC1F /* LinkedStoryboardSegue.h */ = {isa = PBXFileReference; fileEncoding = 4; lastKnownFileType = sourcecode.c.h; path = LinkedStoryboardSegue.h; sourceTree = "<group>"; };
		BD8CF8E31B69650A003CCC1F /* LinkedStoryboardSegue.m */ = {isa = PBXFileReference; fileEncoding = 4; lastKnownFileType = sourcecode.c.objc; path = LinkedStoryboardSegue.m; sourceTree = "<group>"; };
		BD8CF8E51B698825003CCC1F /* taylor_swift.jpg */ = {isa = PBXFileReference; lastKnownFileType = image.jpeg; path = taylor_swift.jpg; sourceTree = "<group>"; };
		BD8CF8E71B698ADF003CCC1F /* ChatViewController.h */ = {isa = PBXFileReference; fileEncoding = 4; lastKnownFileType = sourcecode.c.h; path = ChatViewController.h; sourceTree = "<group>"; };
		BD8CF8E81B698ADF003CCC1F /* ChatViewController.m */ = {isa = PBXFileReference; fileEncoding = 4; lastKnownFileType = sourcecode.c.objc; path = ChatViewController.m; sourceTree = "<group>"; };
		BD8CF8EA1B698B98003CCC1F /* Chat.storyboard */ = {isa = PBXFileReference; fileEncoding = 4; lastKnownFileType = file.storyboard; path = Chat.storyboard; sourceTree = "<group>"; };
		BD8CF8EC1B6AC624003CCC1F /* DataStore.h */ = {isa = PBXFileReference; fileEncoding = 4; lastKnownFileType = sourcecode.c.h; path = DataStore.h; sourceTree = "<group>"; };
		BD8CF8ED1B6AC624003CCC1F /* DataStore.m */ = {isa = PBXFileReference; fileEncoding = 4; lastKnownFileType = sourcecode.c.objc; path = DataStore.m; sourceTree = "<group>"; };
		C1B50C505EC89CE12AE138C8 /* Pods-Icebreaker.debug.xcconfig */ = {isa = PBXFileReference; includeInIndex = 1; lastKnownFileType = text.xcconfig; name = "Pods-Icebreaker.debug.xcconfig"; path = "Pods/Target Support Files/Pods-Icebreaker/Pods-Icebreaker.debug.xcconfig"; sourceTree = "<group>"; };
		E12BEA1F1B6928810083860B /* MatchesTableViewCell.h */ = {isa = PBXFileReference; fileEncoding = 4; lastKnownFileType = sourcecode.c.h; path = MatchesTableViewCell.h; sourceTree = "<group>"; };
		E12BEA201B6928810083860B /* MatchesTableViewCell.m */ = {isa = PBXFileReference; fileEncoding = 4; lastKnownFileType = sourcecode.c.objc; path = MatchesTableViewCell.m; sourceTree = "<group>"; };
		E12BEA221B692E040083860B /* MatchedUserViewController.h */ = {isa = PBXFileReference; fileEncoding = 4; lastKnownFileType = sourcecode.c.h; path = MatchedUserViewController.h; sourceTree = "<group>"; };
		E12BEA231B692E040083860B /* MatchedUserViewController.m */ = {isa = PBXFileReference; fileEncoding = 4; lastKnownFileType = sourcecode.c.objc; path = MatchedUserViewController.m; sourceTree = "<group>"; };
		E12BEA251B6940A60083860B /* iCarousel.h */ = {isa = PBXFileReference; fileEncoding = 4; lastKnownFileType = sourcecode.c.h; path = iCarousel.h; sourceTree = "<group>"; };
		E12BEA261B6940A60083860B /* iCarousel.m */ = {isa = PBXFileReference; fileEncoding = 4; lastKnownFileType = sourcecode.c.objc; path = iCarousel.m; sourceTree = "<group>"; };
		E12BEA2A1B6941C60083860B /* QuartzCore.framework */ = {isa = PBXFileReference; lastKnownFileType = wrapper.framework; name = QuartzCore.framework; path = System/Library/Frameworks/QuartzCore.framework; sourceTree = SDKROOT; };
		E12BEA2C1B6941CD0083860B /* libPods-Icebreaker-AFNetworking.a */ = {isa = PBXFileReference; lastKnownFileType = archive.ar; name = "libPods-Icebreaker-AFNetworking.a"; path = "Pods/../build/Debug-iphoneos/libPods-Icebreaker-AFNetworking.a"; sourceTree = "<group>"; };
		E12BEA2D1B6941CD0083860B /* libPods-Icebreaker-Bolts.a */ = {isa = PBXFileReference; lastKnownFileType = archive.ar; name = "libPods-Icebreaker-Bolts.a"; path = "Pods/../build/Debug-iphoneos/libPods-Icebreaker-Bolts.a"; sourceTree = "<group>"; };
		E12BEA2E1B6941CD0083860B /* libPods-Icebreaker-ChameleonFramework.a */ = {isa = PBXFileReference; lastKnownFileType = archive.ar; name = "libPods-Icebreaker-ChameleonFramework.a"; path = "Pods/../build/Debug-iphoneos/libPods-Icebreaker-ChameleonFramework.a"; sourceTree = "<group>"; };
		E12BEA2F1B6941CD0083860B /* libPods-Icebreaker-CWStatusBarNotification.a */ = {isa = PBXFileReference; lastKnownFileType = archive.ar; name = "libPods-Icebreaker-CWStatusBarNotification.a"; path = "Pods/../build/Debug-iphoneos/libPods-Icebreaker-CWStatusBarNotification.a"; sourceTree = "<group>"; };
		E12BEA301B6941CD0083860B /* libPods-Icebreaker-FBSDKCoreKit.a */ = {isa = PBXFileReference; lastKnownFileType = archive.ar; name = "libPods-Icebreaker-FBSDKCoreKit.a"; path = "Pods/../build/Debug-iphoneos/libPods-Icebreaker-FBSDKCoreKit.a"; sourceTree = "<group>"; };
		E12BEA311B6941CD0083860B /* libPods-Icebreaker-FBSDKLoginKit.a */ = {isa = PBXFileReference; lastKnownFileType = archive.ar; name = "libPods-Icebreaker-FBSDKLoginKit.a"; path = "Pods/../build/Debug-iphoneos/libPods-Icebreaker-FBSDKLoginKit.a"; sourceTree = "<group>"; };
		E12BEA321B6941CD0083860B /* libPods-Icebreaker-FBSDKShareKit.a */ = {isa = PBXFileReference; lastKnownFileType = archive.ar; name = "libPods-Icebreaker-FBSDKShareKit.a"; path = "Pods/../build/Debug-iphoneos/libPods-Icebreaker-FBSDKShareKit.a"; sourceTree = "<group>"; };
		E12BEA331B6941CD0083860B /* libPods-Icebreaker-JGProgressHUD.a */ = {isa = PBXFileReference; lastKnownFileType = archive.ar; name = "libPods-Icebreaker-JGProgressHUD.a"; path = "Pods/../build/Debug-iphoneos/libPods-Icebreaker-JGProgressHUD.a"; sourceTree = "<group>"; };
		E12BEA341B6941CD0083860B /* libPods-Icebreaker-MDCSwipeToChoose.a */ = {isa = PBXFileReference; lastKnownFileType = archive.ar; name = "libPods-Icebreaker-MDCSwipeToChoose.a"; path = "Pods/../build/Debug-iphoneos/libPods-Icebreaker-MDCSwipeToChoose.a"; sourceTree = "<group>"; };
		E12BEA351B6941CD0083860B /* libPods-Icebreaker-MJRefresh.a */ = {isa = PBXFileReference; lastKnownFileType = archive.ar; name = "libPods-Icebreaker-MJRefresh.a"; path = "Pods/../build/Debug-iphoneos/libPods-Icebreaker-MJRefresh.a"; sourceTree = "<group>"; };
		E12BEA361B6941CD0083860B /* libPods-Icebreaker-SSKeychain.a */ = {isa = PBXFileReference; lastKnownFileType = archive.ar; name = "libPods-Icebreaker-SSKeychain.a"; path = "Pods/../build/Debug-iphoneos/libPods-Icebreaker-SSKeychain.a"; sourceTree = "<group>"; };
/* End PBXFileReference section */

/* Begin PBXFrameworksBuildPhase section */
		0774D1101B6806B600F3BCF5 /* Frameworks */ = {
			isa = PBXFrameworksBuildPhase;
			buildActionMask = 2147483647;
			files = (
				E12BEA2B1B6941C60083860B /* QuartzCore.framework in Frameworks */,
				05E9DC6D61D82DABBB004BB6 /* libPods-Icebreaker.a in Frameworks */,
			);
			runOnlyForDeploymentPostprocessing = 0;
		};
		0774D1291B6806B600F3BCF5 /* Frameworks */ = {
			isa = PBXFrameworksBuildPhase;
			buildActionMask = 2147483647;
			files = (
			);
			runOnlyForDeploymentPostprocessing = 0;
		};
/* End PBXFrameworksBuildPhase section */

/* Begin PBXGroup section */
		0774D10A1B6806B600F3BCF5 = {
			isa = PBXGroup;
			children = (
				0774D1151B6806B600F3BCF5 /* Icebreaker */,
				0774D12F1B6806B600F3BCF5 /* IcebreakerTests */,
				0774D1141B6806B600F3BCF5 /* Products */,
				B505157BA738EE66A6D9F8D1 /* Pods */,
				FC7124A7E25275EC3E72BE8B /* Frameworks */,
			);
			sourceTree = "<group>";
		};
		0774D1141B6806B600F3BCF5 /* Products */ = {
			isa = PBXGroup;
			children = (
				0774D1131B6806B600F3BCF5 /* Icebreaker.app */,
				0774D12C1B6806B600F3BCF5 /* IcebreakerTests.xctest */,
			);
			name = Products;
			sourceTree = "<group>";
		};
		0774D1151B6806B600F3BCF5 /* Icebreaker */ = {
			isa = PBXGroup;
			children = (
				BD8CF8EF1B6AC62E003CCC1F /* Data Store */,
				3414C0051B692C6100C72689 /* User Classes */,
				3414C0061B692C7000C72689 /* API Calls */,
				E12BEA291B6940B20083860B /* Other Classes */,
				E12BEA061B6912120083860B /* Controller */,
				E12BEA051B69120B0083860B /* Views */,
				E12BEA031B6910CE0083860B /* Models */,
				0774D1161B6806B600F3BCF5 /* Supporting Files */,
			);
			path = Icebreaker;
			sourceTree = "<group>";
		};
		0774D1161B6806B600F3BCF5 /* Supporting Files */ = {
			isa = PBXGroup;
			children = (
				0774D1231B6806B600F3BCF5 /* Images.xcassets */,
				BD8CF8E51B698825003CCC1F /* taylor_swift.jpg */,
				0774D1171B6806B600F3BCF5 /* Info.plist */,
				0774D1181B6806B600F3BCF5 /* main.m */,
			);
			name = "Supporting Files";
			sourceTree = "<group>";
		};
		0774D12F1B6806B600F3BCF5 /* IcebreakerTests */ = {
			isa = PBXGroup;
			children = (
				0774D1321B6806B600F3BCF5 /* IcebreakerTests.m */,
				0774D1301B6806B600F3BCF5 /* Supporting Files */,
			);
			path = IcebreakerTests;
			sourceTree = "<group>";
		};
		0774D1301B6806B600F3BCF5 /* Supporting Files */ = {
			isa = PBXGroup;
			children = (
				0774D1311B6806B600F3BCF5 /* Info.plist */,
			);
			name = "Supporting Files";
			sourceTree = "<group>";
		};
		3414C0051B692C6100C72689 /* User Classes */ = {
			isa = PBXGroup;
			children = (
				0774D11A1B6806B600F3BCF5 /* AppDelegate.h */,
				0774D11B1B6806B600F3BCF5 /* AppDelegate.m */,
				3414BFFC1B69247A00C72689 /* User.h */,
				3414BFFD1B69247A00C72689 /* User.m */,
				3414C0021B692C5100C72689 /* Friend.h */,
				3414C0031B692C5100C72689 /* Friend.m */,
				3414C0071B692D8700C72689 /* LikedObject.h */,
				3414C0081B692D8700C72689 /* LikedObject.m */,
			);
			name = "User Classes";
			sourceTree = "<group>";
		};
		3414C0061B692C7000C72689 /* API Calls */ = {
			isa = PBXGroup;
			children = (
				3414BFFF1B69270600C72689 /* FacebookAPICalls.h */,
				3414C0001B69270600C72689 /* FacebookAPICalls.m */,
				34587A6B1B72635D001E6BE3 /* ParseAPICalls.h */,
				34587A6C1B72635D001E6BE3 /* ParseAPICalls.m */,
			);
			name = "API Calls";
			sourceTree = "<group>";
		};
		34587A6A1B7261CA001E6BE3 /* Swipe */ = {
			isa = PBXGroup;
			children = (
				34587A671B7261C4001E6BE3 /* ChoosePersonViewOurs.h */,
				34587A681B7261C4001E6BE3 /* ChoosePersonViewOurs.m */,
			);
			name = Swipe;
			sourceTree = "<group>";
		};
		B505157BA738EE66A6D9F8D1 /* Pods */ = {
			isa = PBXGroup;
			children = (
				C1B50C505EC89CE12AE138C8 /* Pods-Icebreaker.debug.xcconfig */,
				0B7A84EEE3036B26319BDB8F /* Pods-Icebreaker.release.xcconfig */,
			);
			name = Pods;
			sourceTree = "<group>";
		};
		BD8CF8EF1B6AC62E003CCC1F /* Data Store */ = {
			isa = PBXGroup;
			children = (
				BD8CF8EC1B6AC624003CCC1F /* DataStore.h */,
				BD8CF8ED1B6AC624003CCC1F /* DataStore.m */,
			);
			name = "Data Store";
			sourceTree = "<group>";
		};
		E12BEA031B6910CE0083860B /* Models */ = {
			isa = PBXGroup;
			children = (
				BD0046521B71022D00D68325 /* Constants.h */,
				077A05071B791E1600592986 /* Constants.m */,
			);
			name = Models;
			sourceTree = "<group>";
		};
		E12BEA051B69120B0083860B /* Views */ = {
			isa = PBXGroup;
			children = (
				34587A6A1B7261CA001E6BE3 /* Swipe */,
				0774D1501B69478A00F3BCF5 /* TableView.h */,
				0774D1511B69478A00F3BCF5 /* TableView.m */,
				E12BEA1F1B6928810083860B /* MatchesTableViewCell.h */,
				E12BEA201B6928810083860B /* MatchesTableViewCell.m */,
				0774D1251B6806B600F3BCF5 /* LaunchScreen.xib */,
				BD8CF8EA1B698B98003CCC1F /* Chat.storyboard */,
				0774D1201B6806B600F3BCF5 /* Matches.storyboard */,
				BD8CF8DC1B69517B003CCC1F /* Main.storyboard */,
				077A05091B7920C600592986 /* Game.storyboard */,
				077A050B1B79268400592986 /* Game.h */,
				077A050C1B79268400592986 /* Game.m */,
				077A050E1B792A8100592986 /* Result.h */,
				077A050F1B792A8100592986 /* Result.m */,
			);
			name = Views;
			sourceTree = "<group>";
		};
		E12BEA061B6912120083860B /* Controller */ = {
			isa = PBXGroup;
			children = (
				BD8CF8D61B682452003CCC1F /* friendSwiperViewController.h */,
				BD8CF8D71B682452003CCC1F /* friendSwiperViewController.m */,
				BD8CF8E71B698ADF003CCC1F /* ChatViewController.h */,
				BD8CF8E81B698ADF003CCC1F /* ChatViewController.m */,
				BD8CF8DF1B6958B4003CCC1F /* LoginViewController.h */,
				BD8CF8E01B6958B4003CCC1F /* LoginViewController.m */,
				BD00464F1B71019000D68325 /* MatchesTableViewController.h */,
				BD0046501B71019000D68325 /* MatchesTableViewController.m */,
				E12BEA221B692E040083860B /* MatchedUserViewController.h */,
				E12BEA231B692E040083860B /* MatchedUserViewController.m */,
				BD8CF8D91B694260003CCC1F /* userProfileViewController.h */,
				BD8CF8DA1B694260003CCC1F /* userProfileViewController.m */,
				BD0046551B73992D00D68325 /* MessagingViewController.h */,
				BD0046561B73992D00D68325 /* MessagingViewController.m */,
			);
			name = Controller;
			sourceTree = "<group>";
		};
		E12BEA291B6940B20083860B /* Other Classes */ = {
			isa = PBXGroup;
			children = (
				E12BEA251B6940A60083860B /* iCarousel.h */,
				E12BEA261B6940A60083860B /* iCarousel.m */,
				BD8CF8E21B69650A003CCC1F /* LinkedStoryboardSegue.h */,
				BD8CF8E31B69650A003CCC1F /* LinkedStoryboardSegue.m */,
			);
			name = "Other Classes";
			sourceTree = "<group>";
		};
		FC7124A7E25275EC3E72BE8B /* Frameworks */ = {
			isa = PBXGroup;
			children = (
				34587A711B729270001E6BE3 /* libFBSDKCoreKit.a */,
				34587A721B729270001E6BE3 /* libFBSDKLoginKit.a */,
				34587A731B729270001E6BE3 /* libFBSDKShareKit.a */,
				34587A741B729270001E6BE3 /* libJSQMessagesViewController.a */,
				34587A751B729270001E6BE3 /* libJSQSystemSoundPlayer.a */,
				34587A761B729270001E6BE3 /* libMDCSwipeToChoose.a */,
				34587A771B729270001E6BE3 /* libParse.a */,
				34587A781B729270001E6BE3 /* libParseFacebookUtilsV4.a */,
				34587A6F1B729244001E6BE3 /* libBolts.a */,
				E12BEA2C1B6941CD0083860B /* libPods-Icebreaker-AFNetworking.a */,
				E12BEA2D1B6941CD0083860B /* libPods-Icebreaker-Bolts.a */,
				E12BEA2E1B6941CD0083860B /* libPods-Icebreaker-ChameleonFramework.a */,
				E12BEA2F1B6941CD0083860B /* libPods-Icebreaker-CWStatusBarNotification.a */,
				E12BEA301B6941CD0083860B /* libPods-Icebreaker-FBSDKCoreKit.a */,
				E12BEA311B6941CD0083860B /* libPods-Icebreaker-FBSDKLoginKit.a */,
				E12BEA321B6941CD0083860B /* libPods-Icebreaker-FBSDKShareKit.a */,
				E12BEA331B6941CD0083860B /* libPods-Icebreaker-JGProgressHUD.a */,
				E12BEA341B6941CD0083860B /* libPods-Icebreaker-MDCSwipeToChoose.a */,
				E12BEA351B6941CD0083860B /* libPods-Icebreaker-MJRefresh.a */,
				E12BEA361B6941CD0083860B /* libPods-Icebreaker-SSKeychain.a */,
				E12BEA2A1B6941C60083860B /* QuartzCore.framework */,
				4E1AE44FEE25BC5F99A90406 /* libPods-Icebreaker.a */,
			);
			name = Frameworks;
			sourceTree = "<group>";
		};
/* End PBXGroup section */

/* Begin PBXNativeTarget section */
		0774D1121B6806B600F3BCF5 /* Icebreaker */ = {
			isa = PBXNativeTarget;
			buildConfigurationList = 0774D1361B6806B600F3BCF5 /* Build configuration list for PBXNativeTarget "Icebreaker" */;
			buildPhases = (
				2769B836A94DAD6F1EFD17FF /* Check Pods Manifest.lock */,
				0774D10F1B6806B600F3BCF5 /* Sources */,
				0774D1101B6806B600F3BCF5 /* Frameworks */,
				0774D1111B6806B600F3BCF5 /* Resources */,
				D1620EEDFB22A821B8922580 /* Copy Pods Resources */,
			);
			buildRules = (
			);
			dependencies = (
			);
			name = Icebreaker;
			productName = Icebreaker;
			productReference = 0774D1131B6806B600F3BCF5 /* Icebreaker.app */;
			productType = "com.apple.product-type.application";
		};
		0774D12B1B6806B600F3BCF5 /* IcebreakerTests */ = {
			isa = PBXNativeTarget;
			buildConfigurationList = 0774D1391B6806B600F3BCF5 /* Build configuration list for PBXNativeTarget "IcebreakerTests" */;
			buildPhases = (
				0774D1281B6806B600F3BCF5 /* Sources */,
				0774D1291B6806B600F3BCF5 /* Frameworks */,
				0774D12A1B6806B600F3BCF5 /* Resources */,
			);
			buildRules = (
			);
			dependencies = (
				0774D12E1B6806B600F3BCF5 /* PBXTargetDependency */,
			);
			name = IcebreakerTests;
			productName = IcebreakerTests;
			productReference = 0774D12C1B6806B600F3BCF5 /* IcebreakerTests.xctest */;
			productType = "com.apple.product-type.bundle.unit-test";
		};
/* End PBXNativeTarget section */

/* Begin PBXProject section */
		0774D10B1B6806B600F3BCF5 /* Project object */ = {
			isa = PBXProject;
			attributes = {
				LastUpgradeCheck = 0640;
				ORGANIZATIONNAME = ChickenBiscut;
				TargetAttributes = {
					0774D1121B6806B600F3BCF5 = {
						CreatedOnToolsVersion = 6.4;
					};
					0774D12B1B6806B600F3BCF5 = {
						CreatedOnToolsVersion = 6.4;
						TestTargetID = 0774D1121B6806B600F3BCF5;
					};
				};
			};
			buildConfigurationList = 0774D10E1B6806B600F3BCF5 /* Build configuration list for PBXProject "Icebreaker" */;
			compatibilityVersion = "Xcode 3.2";
			developmentRegion = English;
			hasScannedForEncodings = 0;
			knownRegions = (
				en,
				Base,
			);
			mainGroup = 0774D10A1B6806B600F3BCF5;
			productRefGroup = 0774D1141B6806B600F3BCF5 /* Products */;
			projectDirPath = "";
			projectRoot = "";
			targets = (
				0774D1121B6806B600F3BCF5 /* Icebreaker */,
				0774D12B1B6806B600F3BCF5 /* IcebreakerTests */,
			);
		};
/* End PBXProject section */

/* Begin PBXResourcesBuildPhase section */
		0774D1111B6806B600F3BCF5 /* Resources */ = {
			isa = PBXResourcesBuildPhase;
			buildActionMask = 2147483647;
			files = (
				BD8CF8EB1B698B98003CCC1F /* Chat.storyboard in Resources */,
				BD8CF8E61B698825003CCC1F /* taylor_swift.jpg in Resources */,
				0774D1221B6806B600F3BCF5 /* Matches.storyboard in Resources */,
				0774D1271B6806B600F3BCF5 /* LaunchScreen.xib in Resources */,
				0774D1241B6806B600F3BCF5 /* Images.xcassets in Resources */,
				077A050A1B7920C600592986 /* Game.storyboard in Resources */,
				BD8CF8DE1B69517B003CCC1F /* Main.storyboard in Resources */,
			);
			runOnlyForDeploymentPostprocessing = 0;
		};
		0774D12A1B6806B600F3BCF5 /* Resources */ = {
			isa = PBXResourcesBuildPhase;
			buildActionMask = 2147483647;
			files = (
			);
			runOnlyForDeploymentPostprocessing = 0;
		};
/* End PBXResourcesBuildPhase section */

/* Begin PBXShellScriptBuildPhase section */
		2769B836A94DAD6F1EFD17FF /* Check Pods Manifest.lock */ = {
			isa = PBXShellScriptBuildPhase;
			buildActionMask = 2147483647;
			files = (
			);
			inputPaths = (
			);
			name = "Check Pods Manifest.lock";
			outputPaths = (
			);
			runOnlyForDeploymentPostprocessing = 0;
			shellPath = /bin/sh;
			shellScript = "diff \"${PODS_ROOT}/../Podfile.lock\" \"${PODS_ROOT}/Manifest.lock\" > /dev/null\nif [[ $? != 0 ]] ; then\n    cat << EOM\nerror: The sandbox is not in sync with the Podfile.lock. Run 'pod install' or update your CocoaPods installation.\nEOM\n    exit 1\nfi\n";
			showEnvVarsInLog = 0;
		};
		D1620EEDFB22A821B8922580 /* Copy Pods Resources */ = {
			isa = PBXShellScriptBuildPhase;
			buildActionMask = 2147483647;
			files = (
			);
			inputPaths = (
			);
			name = "Copy Pods Resources";
			outputPaths = (
			);
			runOnlyForDeploymentPostprocessing = 0;
			shellPath = /bin/sh;
			shellScript = "\"${SRCROOT}/Pods/Target Support Files/Pods-Icebreaker/Pods-Icebreaker-resources.sh\"\n";
			showEnvVarsInLog = 0;
		};
/* End PBXShellScriptBuildPhase section */

/* Begin PBXSourcesBuildPhase section */
		0774D10F1B6806B600F3BCF5 /* Sources */ = {
			isa = PBXSourcesBuildPhase;
			buildActionMask = 2147483647;
			files = (
				0774D1521B69478A00F3BCF5 /* TableView.m in Sources */,
				077A050D1B79268400592986 /* Game.m in Sources */,
				3414C0091B692D8700C72689 /* LikedObject.m in Sources */,
				3414BFFE1B69247A00C72689 /* User.m in Sources */,
				34587A691B7261C4001E6BE3 /* ChoosePersonViewOurs.m in Sources */,
				BD8CF8EE1B6AC624003CCC1F /* DataStore.m in Sources */,
				3414C0041B692C5100C72689 /* Friend.m in Sources */,
				E12BEA241B692E040083860B /* MatchedUserViewController.m in Sources */,
				E12BEA211B6928810083860B /* MatchesTableViewCell.m in Sources */,
				BD0046511B71019000D68325 /* MatchesTableViewController.m in Sources */,
				E12BEA271B6940A60083860B /* iCarousel.m in Sources */,
				077A05101B792A8100592986 /* Result.m in Sources */,
				BD8CF8D81B682452003CCC1F /* friendSwiperViewController.m in Sources */,
				077A05081B791E1600592986 /* Constants.m in Sources */,
				BD8CF8E41B69650A003CCC1F /* LinkedStoryboardSegue.m in Sources */,
				BD0046571B73992D00D68325 /* MessagingViewController.m in Sources */,
				BD8CF8E91B698ADF003CCC1F /* ChatViewController.m in Sources */,
				BD8CF8E11B6958B4003CCC1F /* LoginViewController.m in Sources */,
				34587A6D1B72635D001E6BE3 /* ParseAPICalls.m in Sources */,
				BD8CF8DB1B694260003CCC1F /* userProfileViewController.m in Sources */,
				0774D11C1B6806B600F3BCF5 /* AppDelegate.m in Sources */,
				3414C0011B69270600C72689 /* FacebookAPICalls.m in Sources */,
				0774D1191B6806B600F3BCF5 /* main.m in Sources */,
			);
			runOnlyForDeploymentPostprocessing = 0;
		};
		0774D1281B6806B600F3BCF5 /* Sources */ = {
			isa = PBXSourcesBuildPhase;
			buildActionMask = 2147483647;
			files = (
				0774D1331B6806B600F3BCF5 /* IcebreakerTests.m in Sources */,
			);
			runOnlyForDeploymentPostprocessing = 0;
		};
/* End PBXSourcesBuildPhase section */

/* Begin PBXTargetDependency section */
		0774D12E1B6806B600F3BCF5 /* PBXTargetDependency */ = {
			isa = PBXTargetDependency;
			target = 0774D1121B6806B600F3BCF5 /* Icebreaker */;
			targetProxy = 0774D12D1B6806B600F3BCF5 /* PBXContainerItemProxy */;
		};
/* End PBXTargetDependency section */

/* Begin PBXVariantGroup section */
		0774D1201B6806B600F3BCF5 /* Matches.storyboard */ = {
			isa = PBXVariantGroup;
			children = (
				0774D1211B6806B600F3BCF5 /* Base */,
			);
			name = Matches.storyboard;
			sourceTree = "<group>";
		};
		0774D1251B6806B600F3BCF5 /* LaunchScreen.xib */ = {
			isa = PBXVariantGroup;
			children = (
				0774D1261B6806B600F3BCF5 /* Base */,
			);
			name = LaunchScreen.xib;
			sourceTree = "<group>";
		};
		BD8CF8DC1B69517B003CCC1F /* Main.storyboard */ = {
			isa = PBXVariantGroup;
			children = (
				BD8CF8DD1B69517B003CCC1F /* Base */,
			);
			name = Main.storyboard;
			sourceTree = "<group>";
		};
/* End PBXVariantGroup section */

/* Begin XCBuildConfiguration section */
		0774D1341B6806B600F3BCF5 /* Debug */ = {
			isa = XCBuildConfiguration;
			buildSettings = {
				ALWAYS_SEARCH_USER_PATHS = NO;
				CLANG_CXX_LANGUAGE_STANDARD = "gnu++0x";
				CLANG_CXX_LIBRARY = "libc++";
				CLANG_ENABLE_MODULES = YES;
				CLANG_ENABLE_OBJC_ARC = YES;
				CLANG_WARN_BOOL_CONVERSION = YES;
				CLANG_WARN_CONSTANT_CONVERSION = YES;
				CLANG_WARN_DIRECT_OBJC_ISA_USAGE = YES_ERROR;
				CLANG_WARN_EMPTY_BODY = YES;
				CLANG_WARN_ENUM_CONVERSION = YES;
				CLANG_WARN_INT_CONVERSION = YES;
				CLANG_WARN_OBJC_ROOT_CLASS = YES_ERROR;
				CLANG_WARN_UNREACHABLE_CODE = YES;
				CLANG_WARN__DUPLICATE_METHOD_MATCH = YES;
				"CODE_SIGN_IDENTITY[sdk=iphoneos*]" = "iPhone Developer";
				COPY_PHASE_STRIP = NO;
				DEBUG_INFORMATION_FORMAT = "dwarf-with-dsym";
				ENABLE_STRICT_OBJC_MSGSEND = YES;
				GCC_C_LANGUAGE_STANDARD = gnu99;
				GCC_DYNAMIC_NO_PIC = NO;
				GCC_NO_COMMON_BLOCKS = YES;
				GCC_OPTIMIZATION_LEVEL = 0;
				GCC_PREPROCESSOR_DEFINITIONS = (
					"DEBUG=1",
					"$(inherited)",
				);
				GCC_SYMBOLS_PRIVATE_EXTERN = NO;
				GCC_WARN_64_TO_32_BIT_CONVERSION = YES;
				GCC_WARN_ABOUT_RETURN_TYPE = YES_ERROR;
				GCC_WARN_UNDECLARED_SELECTOR = YES;
				GCC_WARN_UNINITIALIZED_AUTOS = YES_AGGRESSIVE;
				GCC_WARN_UNUSED_FUNCTION = YES;
				GCC_WARN_UNUSED_VARIABLE = YES;
				IPHONEOS_DEPLOYMENT_TARGET = 8.4;
				MTL_ENABLE_DEBUG_INFO = YES;
				ONLY_ACTIVE_ARCH = YES;
				SDKROOT = iphoneos;
			};
			name = Debug;
		};
		0774D1351B6806B600F3BCF5 /* Release */ = {
			isa = XCBuildConfiguration;
			buildSettings = {
				ALWAYS_SEARCH_USER_PATHS = NO;
				CLANG_CXX_LANGUAGE_STANDARD = "gnu++0x";
				CLANG_CXX_LIBRARY = "libc++";
				CLANG_ENABLE_MODULES = YES;
				CLANG_ENABLE_OBJC_ARC = YES;
				CLANG_WARN_BOOL_CONVERSION = YES;
				CLANG_WARN_CONSTANT_CONVERSION = YES;
				CLANG_WARN_DIRECT_OBJC_ISA_USAGE = YES_ERROR;
				CLANG_WARN_EMPTY_BODY = YES;
				CLANG_WARN_ENUM_CONVERSION = YES;
				CLANG_WARN_INT_CONVERSION = YES;
				CLANG_WARN_OBJC_ROOT_CLASS = YES_ERROR;
				CLANG_WARN_UNREACHABLE_CODE = YES;
				CLANG_WARN__DUPLICATE_METHOD_MATCH = YES;
				"CODE_SIGN_IDENTITY[sdk=iphoneos*]" = "iPhone Developer";
				COPY_PHASE_STRIP = NO;
				DEBUG_INFORMATION_FORMAT = "dwarf-with-dsym";
				ENABLE_NS_ASSERTIONS = NO;
				ENABLE_STRICT_OBJC_MSGSEND = YES;
				GCC_C_LANGUAGE_STANDARD = gnu99;
				GCC_NO_COMMON_BLOCKS = YES;
				GCC_WARN_64_TO_32_BIT_CONVERSION = YES;
				GCC_WARN_ABOUT_RETURN_TYPE = YES_ERROR;
				GCC_WARN_UNDECLARED_SELECTOR = YES;
				GCC_WARN_UNINITIALIZED_AUTOS = YES_AGGRESSIVE;
				GCC_WARN_UNUSED_FUNCTION = YES;
				GCC_WARN_UNUSED_VARIABLE = YES;
				IPHONEOS_DEPLOYMENT_TARGET = 8.4;
				MTL_ENABLE_DEBUG_INFO = NO;
				SDKROOT = iphoneos;
				VALIDATE_PRODUCT = YES;
			};
			name = Release;
		};
		0774D1371B6806B600F3BCF5 /* Debug */ = {
			isa = XCBuildConfiguration;
			baseConfigurationReference = C1B50C505EC89CE12AE138C8 /* Pods-Icebreaker.debug.xcconfig */;
			buildSettings = {
				ASSETCATALOG_COMPILER_APPICON_NAME = AppIcon;
				FRAMEWORK_SEARCH_PATHS = (
					"$(inherited)",
					"$(PROJECT_DIR)",
				);
				INFOPLIST_FILE = Icebreaker/Info.plist;
				IPHONEOS_DEPLOYMENT_TARGET = 8.4;
				LD_RUNPATH_SEARCH_PATHS = "$(inherited) @executable_path/Frameworks";
				LIBRARY_SEARCH_PATHS = (
					"$(inherited)",
					"$(PROJECT_DIR)/build/Debug-iphoneos",
				);
				PRODUCT_NAME = "$(TARGET_NAME)";
			};
			name = Debug;
		};
		0774D1381B6806B600F3BCF5 /* Release */ = {
			isa = XCBuildConfiguration;
			baseConfigurationReference = 0B7A84EEE3036B26319BDB8F /* Pods-Icebreaker.release.xcconfig */;
			buildSettings = {
				ASSETCATALOG_COMPILER_APPICON_NAME = AppIcon;
				FRAMEWORK_SEARCH_PATHS = (
					"$(inherited)",
					"$(PROJECT_DIR)",
				);
				INFOPLIST_FILE = Icebreaker/Info.plist;
				IPHONEOS_DEPLOYMENT_TARGET = 8.4;
				LD_RUNPATH_SEARCH_PATHS = "$(inherited) @executable_path/Frameworks";
				LIBRARY_SEARCH_PATHS = (
					"$(inherited)",
					"$(PROJECT_DIR)/build/Debug-iphoneos",
				);
				PRODUCT_NAME = "$(TARGET_NAME)";
			};
			name = Release;
		};
		0774D13A1B6806B600F3BCF5 /* Debug */ = {
			isa = XCBuildConfiguration;
			buildSettings = {
				BUNDLE_LOADER = "$(TEST_HOST)";
				FRAMEWORK_SEARCH_PATHS = (
					"$(SDKROOT)/Developer/Library/Frameworks",
					"$(inherited)",
				);
				GCC_PREPROCESSOR_DEFINITIONS = (
					"DEBUG=1",
					"$(inherited)",
				);
				INFOPLIST_FILE = IcebreakerTests/Info.plist;
				LD_RUNPATH_SEARCH_PATHS = "$(inherited) @executable_path/Frameworks @loader_path/Frameworks";
				PRODUCT_NAME = "$(TARGET_NAME)";
				TEST_HOST = "$(BUILT_PRODUCTS_DIR)/Icebreaker.app/Icebreaker";
			};
			name = Debug;
		};
		0774D13B1B6806B600F3BCF5 /* Release */ = {
			isa = XCBuildConfiguration;
			buildSettings = {
				BUNDLE_LOADER = "$(TEST_HOST)";
				FRAMEWORK_SEARCH_PATHS = (
					"$(SDKROOT)/Developer/Library/Frameworks",
					"$(inherited)",
				);
				INFOPLIST_FILE = IcebreakerTests/Info.plist;
				LD_RUNPATH_SEARCH_PATHS = "$(inherited) @executable_path/Frameworks @loader_path/Frameworks";
				PRODUCT_NAME = "$(TARGET_NAME)";
				TEST_HOST = "$(BUILT_PRODUCTS_DIR)/Icebreaker.app/Icebreaker";
			};
			name = Release;
		};
/* End XCBuildConfiguration section */

/* Begin XCConfigurationList section */
		0774D10E1B6806B600F3BCF5 /* Build configuration list for PBXProject "Icebreaker" */ = {
			isa = XCConfigurationList;
			buildConfigurations = (
				0774D1341B6806B600F3BCF5 /* Debug */,
				0774D1351B6806B600F3BCF5 /* Release */,
			);
			defaultConfigurationIsVisible = 0;
			defaultConfigurationName = Release;
		};
		0774D1361B6806B600F3BCF5 /* Build configuration list for PBXNativeTarget "Icebreaker" */ = {
			isa = XCConfigurationList;
			buildConfigurations = (
				0774D1371B6806B600F3BCF5 /* Debug */,
				0774D1381B6806B600F3BCF5 /* Release */,
			);
			defaultConfigurationIsVisible = 0;
			defaultConfigurationName = Release;
		};
		0774D1391B6806B600F3BCF5 /* Build configuration list for PBXNativeTarget "IcebreakerTests" */ = {
			isa = XCConfigurationList;
			buildConfigurations = (
				0774D13A1B6806B600F3BCF5 /* Debug */,
				0774D13B1B6806B600F3BCF5 /* Release */,
			);
			defaultConfigurationIsVisible = 0;
			defaultConfigurationName = Release;
		};
/* End XCConfigurationList section */
	};
	rootObject = 0774D10B1B6806B600F3BCF5 /* Project object */;
}
